{
  "name": "@ndiing/fetch",
  "version": "1.0.0",
  "lockfileVersion": 2,
  "requires": true,
  "packages": {
    "": {
      "name": "@ndiing/fetch",
      "version": "1.0.0",
      "license": "MIT",
      "dependencies": {
        "@ndiing/storage": "^1.0.0"
      }
    },
    "node_modules/@ndiing/storage": {
      "version": "1.0.0",
      "resolved": "https://npm.pkg.github.com/download/@ndiing/storage/1.0.0/3d26c763c1aa8cc147fc920235d9dea03944380021a9e900eac1cd237feab050",
      "integrity": "sha512-hFEHxOisLZTDIPD/rWmeNqJ7cYr4NpcNME4/zRPBR7GCGBaokU9ixLd3mI/FlO6LULFEJCVafFU6MHzdn2j1dg==",
      "license": "MIT"
    }
  },
  "dependencies": {
    "@ndiing/storage": {
      "version": "1.0.0",
      "resolved": "https://npm.pkg.github.com/download/@ndiing/storage/1.0.0/3d26c763c1aa8cc147fc920235d9dea03944380021a9e900eac1cd237feab050",
      "integrity": "sha512-hFEHxOisLZTDIPD/rWmeNqJ7cYr4NpcNME4/zRPBR7GCGBaokU9ixLd3mI/FlO6LULFEJCVafFU6MHzdn2j1dg=="
    }
  }
}
