{
  "name": "@ndiinginc/fetch",
  "version": "1.0.12",
  "lockfileVersion": 2,
  "requires": true,
  "packages": {
    "": {
      "name": "@ndiinginc/fetch",
      "version": "1.0.12",
      "license": "MIT",
      "dependencies": {
        "@ndiinginc/database": "^1.0.0"
      },
      "devDependencies": {}
    },
    "node_modules/@ndiinginc/database": {
      "version": "1.0.6",
      "resolved": "https://registry.npmjs.org/@ndiinginc/database/-/database-1.0.6.tgz",
      "integrity": "sha512-Uy4BdrnTB4c3AvFkov60CpOL+r75qcYDfkCKk9Zn5Hr8iXa7KRqct9rQ7M2QSwZgOedODGajzXembl5yZpQG3w=="
    }
  },
  "dependencies": {
    "@ndiinginc/database": {
      "version": "1.0.6",
      "resolved": "https://registry.npmjs.org/@ndiinginc/database/-/database-1.0.6.tgz",
      "integrity": "sha512-Uy4BdrnTB4c3AvFkov60CpOL+r75qcYDfkCKk9Zn5Hr8iXa7KRqct9rQ7M2QSwZgOedODGajzXembl5yZpQG3w=="
    }
  }
}
