{
  "name": "fetch",
  "lockfileVersion": 2,
  "requires": true,
  "packages": {
    "": {
      "dependencies": {
        "@ndiinginc/database": "^1.0.0"
      },
      "version": "1.0.1"
    },
    "node_modules/@ndiinginc/database": {
      "version": "1.0.1",
      "resolved": "https://registry.npmjs.org/@ndiinginc/database/-/database-1.0.1.tgz",
      "integrity": "sha512-xWt+WdW4VF87fmWC0SMP30lziIQ2gbGfsqqLmjq9GI3z4PrSE2TIH5O4HjKy7rEj6Rs6rOwKA4zlGvlNUVRphw=="
    }
  },
  "dependencies": {
    "@ndiinginc/database": {
      "version": "1.0.1",
      "resolved": "https://registry.npmjs.org/@ndiinginc/database/-/database-1.0.1.tgz",
      "integrity": "sha512-xWt+WdW4VF87fmWC0SMP30lziIQ2gbGfsqqLmjq9GI3z4PrSE2TIH5O4HjKy7rEj6Rs6rOwKA4zlGvlNUVRphw=="
    }
  },
  "version": "1.0.1"
}
